
Microsoft Visual Studio Solution File, Format Version 12.00
# Visual Studio Version 16
VisualStudioVersion = 16.0.29001.49
MinimumVisualStudioVersion = 10.0.40219.1
Project("{FAE04EC0-301F-11D3-BF4B-00C04F79EFBC}") = "HW_6_UserValidation", "HW_6_UserValidation\HW_6_UserValidation.csproj", "{09FFF598-3C25-48DC-B165-BC19672BA516}"
EndProject
Global
	GlobalSection(SolutionConfigurationPlatforms) = preSolution
		Debug|Any CPU = Debug|Any CPU
		Release|Any CPU = Release|Any CPU
	EndGlobalSection
	GlobalSection(ProjectConfigurationPlatforms) = postSolution
		{09FFF598-3C25-48DC-B165-BC19672BA516}.Debug|Any CPU.ActiveCfg = Debug|Any CPU
		{09FFF598-3C25-48DC-B165-BC19672BA516}.Debug|Any CPU.Build.0 = Debug|Any CPU
		{09FFF598-3C25-48DC-B165-BC19672BA516}.Release|Any CPU.ActiveCfg = Release|Any CPU
		{09FFF598-3C25-48DC-B165-BC19672BA516}.Release|Any CPU.Build.0 = Release|Any CPU
	EndGlobalSection
	GlobalSection(SolutionProperties) = preSolution
		HideSolutionNode = FALSE
	EndGlobalSection
	GlobalSection(ExtensibilityGlobals) = postSolution
		SolutionGuid = {107AC1CF-8CB7-485D-B4D7-B857157BBB3D}
	EndGlobalSection
EndGlobal
