
Microsoft Visual Studio Solution File, Format Version 12.00
# Visual Studio Version 16
VisualStudioVersion = 16.0.29001.49
MinimumVisualStudioVersion = 10.0.40219.1
Project("{FAE04EC0-301F-11D3-BF4B-00C04F79EFBC}") = "HW_5", "HW_5\HW_5.csproj", "{0ADC6801-ACF7-4B69-B3C2-339F00C185BE}"
EndProject
Global
	GlobalSection(SolutionConfigurationPlatforms) = preSolution
		Debug|Any CPU = Debug|Any CPU
		Release|Any CPU = Release|Any CPU
	EndGlobalSection
	GlobalSection(ProjectConfigurationPlatforms) = postSolution
		{0ADC6801-ACF7-4B69-B3C2-339F00C185BE}.Debug|Any CPU.ActiveCfg = Debug|Any CPU
		{0ADC6801-ACF7-4B69-B3C2-339F00C185BE}.Debug|Any CPU.Build.0 = Debug|Any CPU
		{0ADC6801-ACF7-4B69-B3C2-339F00C185BE}.Release|Any CPU.ActiveCfg = Release|Any CPU
		{0ADC6801-ACF7-4B69-B3C2-339F00C185BE}.Release|Any CPU.Build.0 = Release|Any CPU
	EndGlobalSection
	GlobalSection(SolutionProperties) = preSolution
		HideSolutionNode = FALSE
	EndGlobalSection
	GlobalSection(ExtensibilityGlobals) = postSolution
		SolutionGuid = {14433512-5443-4791-9A9A-12A85CC79A90}
	EndGlobalSection
EndGlobal
